
Microsoft Visual Studio Solution File, Format Version 12.00
# Visual Studio Version 16
VisualStudioVersion = 16.0.29411.108
MinimumVisualStudioVersion = 10.0.40219.1
Project("{FAE04EC0-301F-11D3-BF4B-00C04F79EFBC}") = "CsvUtilitiesUI", "CsvUtilitiesUI\CsvUtilitiesUI.csproj", "{3F30902C-07FD-4F18-A02C-4186FDAF144A}"
EndProject
Project("{9A19103F-16F7-4668-BE54-9A1E7A4F7556}") = "CsvUtilities", "CsvUtilities\CsvUtilities.csproj", "{56B69FD5-B6BB-4B14-854E-1924F83E643A}"
EndProject
Global
	GlobalSection(SolutionConfigurationPlatforms) = preSolution
		Debug|Any CPU = Debug|Any CPU
		Release|Any CPU = Release|Any CPU
	EndGlobalSection
	GlobalSection(ProjectConfigurationPlatforms) = postSolution
		{3F30902C-07FD-4F18-A02C-4186FDAF144A}.Debug|Any CPU.ActiveCfg = Debug|Any CPU
		{3F30902C-07FD-4F18-A02C-4186FDAF144A}.Debug|Any CPU.Build.0 = Debug|Any CPU
		{3F30902C-07FD-4F18-A02C-4186FDAF144A}.Release|Any CPU.ActiveCfg = Release|Any CPU
		{3F30902C-07FD-4F18-A02C-4186FDAF144A}.Release|Any CPU.Build.0 = Release|Any CPU
		{56B69FD5-B6BB-4B14-854E-1924F83E643A}.Debug|Any CPU.ActiveCfg = Debug|Any CPU
		{56B69FD5-B6BB-4B14-854E-1924F83E643A}.Debug|Any CPU.Build.0 = Debug|Any CPU
		{56B69FD5-B6BB-4B14-854E-1924F83E643A}.Release|Any CPU.ActiveCfg = Release|Any CPU
		{56B69FD5-B6BB-4B14-854E-1924F83E643A}.Release|Any CPU.Build.0 = Release|Any CPU
	EndGlobalSection
	GlobalSection(SolutionProperties) = preSolution
		HideSolutionNode = FALSE
	EndGlobalSection
	GlobalSection(ExtensibilityGlobals) = postSolution
		SolutionGuid = {367C7EC4-4EF5-44F1-9D03-39180396EBF0}
	EndGlobalSection
EndGlobal
